
Microsoft Visual Studio Solution File, Format Version 12.00
# Visual Studio 15
VisualStudioVersion = 15.0.28307.1972
MinimumVisualStudioVersion = 10.0.40219.1
Project("{FAE04EC0-301F-11D3-BF4B-00C04F79EFBC}") = "Caculator", "Caculator\Caculator.csproj", "{9BD8BBE8-6B71-474B-8630-57249F521AC2}"
EndProject
Project("{FAE04EC0-301F-11D3-BF4B-00C04F79EFBC}") = "CalculatorTester", "CalculatorTester\CalculatorTester.csproj", "{4469864D-D1F2-4C08-9622-2B5E7F741C68}"
EndProject
Global
	GlobalSection(SolutionConfigurationPlatforms) = preSolution
		Debug|Any CPU = Debug|Any CPU
		Release|Any CPU = Release|Any CPU
	EndGlobalSection
	GlobalSection(ProjectConfigurationPlatforms) = postSolution
		{9BD8BBE8-6B71-474B-8630-57249F521AC2}.Debug|Any CPU.ActiveCfg = Debug|Any CPU
		{9BD8BBE8-6B71-474B-8630-57249F521AC2}.Debug|Any CPU.Build.0 = Debug|Any CPU
		{9BD8BBE8-6B71-474B-8630-57249F521AC2}.Release|Any CPU.ActiveCfg = Release|Any CPU
		{9BD8BBE8-6B71-474B-8630-57249F521AC2}.Release|Any CPU.Build.0 = Release|Any CPU
		{4469864D-D1F2-4C08-9622-2B5E7F741C68}.Debug|Any CPU.ActiveCfg = Debug|Any CPU
		{4469864D-D1F2-4C08-9622-2B5E7F741C68}.Debug|Any CPU.Build.0 = Debug|Any CPU
		{4469864D-D1F2-4C08-9622-2B5E7F741C68}.Release|Any CPU.ActiveCfg = Release|Any CPU
		{4469864D-D1F2-4C08-9622-2B5E7F741C68}.Release|Any CPU.Build.0 = Release|Any CPU
	EndGlobalSection
	GlobalSection(SolutionProperties) = preSolution
		HideSolutionNode = FALSE
	EndGlobalSection
	GlobalSection(ExtensibilityGlobals) = postSolution
		SolutionGuid = {F5E0D951-1FDA-42B9-9EB2-718556FB7079}
	EndGlobalSection
EndGlobal
